
Microsoft Visual Studio Solution File, Format Version 12.00
# Visual Studio 15
VisualStudioVersion = 15.0.28010.2026
MinimumVisualStudioVersion = 10.0.40219.1
Project("{FAE04EC0-301F-11D3-BF4B-00C04F79EFBC}") = "Xamarin32DynamicResourceProblem.Android", "Xamarin32DynamicResourceProblem\Xamarin32DynamicResourceProblem.Android\Xamarin32DynamicResourceProblem.Android.csproj", "{5281CC53-67BB-4FA6-AF8B-6142D602F8FA}"
EndProject
Project("{FAE04EC0-301F-11D3-BF4B-00C04F79EFBC}") = "Xamarin32DynamicResourceProblem.iOS", "Xamarin32DynamicResourceProblem\Xamarin32DynamicResourceProblem.iOS\Xamarin32DynamicResourceProblem.iOS.csproj", "{C705F492-31C2-490A-A8FC-33F602546F38}"
EndProject
Project("{FAE04EC0-301F-11D3-BF4B-00C04F79EFBC}") = "Xamarin32DynamicResourceProblem", "Xamarin32DynamicResourceProblem\Xamarin32DynamicResourceProblem\Xamarin32DynamicResourceProblem.csproj", "{271436A9-9A61-4B19-B9B1-51DC7A973A87}"
EndProject
Global
	GlobalSection(SolutionConfigurationPlatforms) = preSolution
		Ad-Hoc|Any CPU = Ad-Hoc|Any CPU
		Ad-Hoc|iPhone = Ad-Hoc|iPhone
		Ad-Hoc|iPhoneSimulator = Ad-Hoc|iPhoneSimulator
		AppStore|Any CPU = AppStore|Any CPU
		AppStore|iPhone = AppStore|iPhone
		AppStore|iPhoneSimulator = AppStore|iPhoneSimulator
		Debug|Any CPU = Debug|Any CPU
		Debug|iPhone = Debug|iPhone
		Debug|iPhoneSimulator = Debug|iPhoneSimulator
		Release|Any CPU = Release|Any CPU
		Release|iPhone = Release|iPhone
		Release|iPhoneSimulator = Release|iPhoneSimulator
	EndGlobalSection
	GlobalSection(ProjectConfigurationPlatforms) = postSolution
		{5281CC53-67BB-4FA6-AF8B-6142D602F8FA}.Ad-Hoc|Any CPU.ActiveCfg = Release|Any CPU
		{5281CC53-67BB-4FA6-AF8B-6142D602F8FA}.Ad-Hoc|Any CPU.Build.0 = Release|Any CPU
		{5281CC53-67BB-4FA6-AF8B-6142D602F8FA}.Ad-Hoc|Any CPU.Deploy.0 = Release|Any CPU
		{5281CC53-67BB-4FA6-AF8B-6142D602F8FA}.Ad-Hoc|iPhone.ActiveCfg = Release|Any CPU
		{5281CC53-67BB-4FA6-AF8B-6142D602F8FA}.Ad-Hoc|iPhone.Build.0 = Release|Any CPU
		{5281CC53-67BB-4FA6-AF8B-6142D602F8FA}.Ad-Hoc|iPhone.Deploy.0 = Release|Any CPU
		{5281CC53-67BB-4FA6-AF8B-6142D602F8FA}.Ad-Hoc|iPhoneSimulator.ActiveCfg = Release|Any CPU
		{5281CC53-67BB-4FA6-AF8B-6142D602F8FA}.Ad-Hoc|iPhoneSimulator.Build.0 = Release|Any CPU
		{5281CC53-67BB-4FA6-AF8B-6142D602F8FA}.Ad-Hoc|iPhoneSimulator.Deploy.0 = Release|Any CPU
		{5281CC53-67BB-4FA6-AF8B-6142D602F8FA}.AppStore|Any CPU.ActiveCfg = Release|Any CPU
		{5281CC53-67BB-4FA6-AF8B-6142D602F8FA}.AppStore|Any CPU.Build.0 = Release|Any CPU
		{5281CC53-67BB-4FA6-AF8B-6142D602F8FA}.AppStore|Any CPU.Deploy.0 = Release|Any CPU
		{5281CC53-67BB-4FA6-AF8B-6142D602F8FA}.AppStore|iPhone.ActiveCfg = Release|Any CPU
		{5281CC53-67BB-4FA6-AF8B-6142D602F8FA}.AppStore|iPhone.Build.0 = Release|Any CPU
		{5281CC53-67BB-4FA6-AF8B-6142D602F8FA}.AppStore|iPhone.Deploy.0 = Release|Any CPU
		{5281CC53-67BB-4FA6-AF8B-6142D602F8FA}.AppStore|iPhoneSimulator.ActiveCfg = Release|Any CPU
		{5281CC53-67BB-4FA6-AF8B-6142D602F8FA}.AppStore|iPhoneSimulator.Build.0 = Release|Any CPU
		{5281CC53-67BB-4FA6-AF8B-6142D602F8FA}.AppStore|iPhoneSimulator.Deploy.0 = Release|Any CPU
		{5281CC53-67BB-4FA6-AF8B-6142D602F8FA}.Debug|Any CPU.ActiveCfg = Debug|Any CPU
		{5281CC53-67BB-4FA6-AF8B-6142D602F8FA}.Debug|Any CPU.Build.0 = Debug|Any CPU
		{5281CC53-67BB-4FA6-AF8B-6142D602F8FA}.Debug|Any CPU.Deploy.0 = Debug|Any CPU
		{5281CC53-67BB-4FA6-AF8B-6142D602F8FA}.Debug|iPhone.ActiveCfg = Debug|Any CPU
		{5281CC53-67BB-4FA6-AF8B-6142D602F8FA}.Debug|iPhone.Build.0 = Debug|Any CPU
		{5281CC53-67BB-4FA6-AF8B-6142D602F8FA}.Debug|iPhone.Deploy.0 = Debug|Any CPU
		{5281CC53-67BB-4FA6-AF8B-6142D602F8FA}.Debug|iPhoneSimulator.ActiveCfg = Debug|Any CPU
		{5281CC53-67BB-4FA6-AF8B-6142D602F8FA}.Debug|iPhoneSimulator.Build.0 = Debug|Any CPU
		{5281CC53-67BB-4FA6-AF8B-6142D602F8FA}.Debug|iPhoneSimulator.Deploy.0 = Debug|Any CPU
		{5281CC53-67BB-4FA6-AF8B-6142D602F8FA}.Release|Any CPU.ActiveCfg = Release|Any CPU
		{5281CC53-67BB-4FA6-AF8B-6142D602F8FA}.Release|Any CPU.Build.0 = Release|Any CPU
		{5281CC53-67BB-4FA6-AF8B-6142D602F8FA}.Release|Any CPU.Deploy.0 = Release|Any CPU
		{5281CC53-67BB-4FA6-AF8B-6142D602F8FA}.Release|iPhone.ActiveCfg = Release|Any CPU
		{5281CC53-67BB-4FA6-AF8B-6142D602F8FA}.Release|iPhone.Build.0 = Release|Any CPU
		{5281CC53-67BB-4FA6-AF8B-6142D602F8FA}.Release|iPhone.Deploy.0 = Release|Any CPU
		{5281CC53-67BB-4FA6-AF8B-6142D602F8FA}.Release|iPhoneSimulator.ActiveCfg = Release|Any CPU
		{5281CC53-67BB-4FA6-AF8B-6142D602F8FA}.Release|iPhoneSimulator.Build.0 = Release|Any CPU
		{5281CC53-67BB-4FA6-AF8B-6142D602F8FA}.Release|iPhoneSimulator.Deploy.0 = Release|Any CPU
		{C705F492-31C2-490A-A8FC-33F602546F38}.Ad-Hoc|Any CPU.ActiveCfg = Ad-Hoc|iPhone
		{C705F492-31C2-490A-A8FC-33F602546F38}.Ad-Hoc|Any CPU.Build.0 = Ad-Hoc|iPhone
		{C705F492-31C2-490A-A8FC-33F602546F38}.Ad-Hoc|Any CPU.Deploy.0 = Ad-Hoc|iPhone
		{C705F492-31C2-490A-A8FC-33F602546F38}.Ad-Hoc|iPhone.ActiveCfg = Ad-Hoc|iPhone
		{C705F492-31C2-490A-A8FC-33F602546F38}.Ad-Hoc|iPhone.Build.0 = Ad-Hoc|iPhone
		{C705F492-31C2-490A-A8FC-33F602546F38}.Ad-Hoc|iPhone.Deploy.0 = Ad-Hoc|iPhone
		{C705F492-31C2-490A-A8FC-33F602546F38}.Ad-Hoc|iPhoneSimulator.ActiveCfg = Ad-Hoc|iPhoneSimulator
		{C705F492-31C2-490A-A8FC-33F602546F38}.Ad-Hoc|iPhoneSimulator.Build.0 = Ad-Hoc|iPhoneSimulator
		{C705F492-31C2-490A-A8FC-33F602546F38}.Ad-Hoc|iPhoneSimulator.Deploy.0 = Ad-Hoc|iPhoneSimulator
		{C705F492-31C2-490A-A8FC-33F602546F38}.AppStore|Any CPU.ActiveCfg = AppStore|iPhone
		{C705F492-31C2-490A-A8FC-33F602546F38}.AppStore|Any CPU.Build.0 = AppStore|iPhone
		{C705F492-31C2-490A-A8FC-33F602546F38}.AppStore|Any CPU.Deploy.0 = AppStore|iPhone
		{C705F492-31C2-490A-A8FC-33F602546F38}.AppStore|iPhone.ActiveCfg = AppStore|iPhone
		{C705F492-31C2-490A-A8FC-33F602546F38}.AppStore|iPhone.Build.0 = AppStore|iPhone
		{C705F492-31C2-490A-A8FC-33F602546F38}.AppStore|iPhone.Deploy.0 = AppStore|iPhone
		{C705F492-31C2-490A-A8FC-33F602546F38}.AppStore|iPhoneSimulator.ActiveCfg = AppStore|iPhoneSimulator
		{C705F492-31C2-490A-A8FC-33F602546F38}.AppStore|iPhoneSimulator.Build.0 = AppStore|iPhoneSimulator
		{C705F492-31C2-490A-A8FC-33F602546F38}.AppStore|iPhoneSimulator.Deploy.0 = AppStore|iPhoneSimulator
		{C705F492-31C2-490A-A8FC-33F602546F38}.Debug|Any CPU.ActiveCfg = Debug|iPhoneSimulator
		{C705F492-31C2-490A-A8FC-33F602546F38}.Debug|Any CPU.Build.0 = Debug|iPhoneSimulator
		{C705F492-31C2-490A-A8FC-33F602546F38}.Debug|Any CPU.Deploy.0 = Debug|iPhoneSimulator
		{C705F492-31C2-490A-A8FC-33F602546F38}.Debug|iPhone.ActiveCfg = Debug|iPhone
		{C705F492-31C2-490A-A8FC-33F602546F38}.Debug|iPhone.Build.0 = Debug|iPhone
		{C705F492-31C2-490A-A8FC-33F602546F38}.Debug|iPhone.Deploy.0 = Debug|iPhone
		{C705F492-31C2-490A-A8FC-33F602546F38}.Debug|iPhoneSimulator.ActiveCfg = Debug|iPhoneSimulator
		{C705F492-31C2-490A-A8FC-33F602546F38}.Debug|iPhoneSimulator.Build.0 = Debug|iPhoneSimulator
		{C705F492-31C2-490A-A8FC-33F602546F38}.Debug|iPhoneSimulator.Deploy.0 = Debug|iPhoneSimulator
		{C705F492-31C2-490A-A8FC-33F602546F38}.Release|Any CPU.ActiveCfg = Release|iPhone
		{C705F492-31C2-490A-A8FC-33F602546F38}.Release|Any CPU.Build.0 = Release|iPhone
		{C705F492-31C2-490A-A8FC-33F602546F38}.Release|Any CPU.Deploy.0 = Release|iPhone
		{C705F492-31C2-490A-A8FC-33F602546F38}.Release|iPhone.ActiveCfg = Release|iPhone
		{C705F492-31C2-490A-A8FC-33F602546F38}.Release|iPhone.Build.0 = Release|iPhone
		{C705F492-31C2-490A-A8FC-33F602546F38}.Release|iPhone.Deploy.0 = Release|iPhone
		{C705F492-31C2-490A-A8FC-33F602546F38}.Release|iPhoneSimulator.ActiveCfg = Release|iPhoneSimulator
		{C705F492-31C2-490A-A8FC-33F602546F38}.Release|iPhoneSimulator.Build.0 = Release|iPhoneSimulator
		{C705F492-31C2-490A-A8FC-33F602546F38}.Release|iPhoneSimulator.Deploy.0 = Release|iPhoneSimulator
		{271436A9-9A61-4B19-B9B1-51DC7A973A87}.Ad-Hoc|Any CPU.ActiveCfg = Debug|Any CPU
		{271436A9-9A61-4B19-B9B1-51DC7A973A87}.Ad-Hoc|Any CPU.Build.0 = Debug|Any CPU
		{271436A9-9A61-4B19-B9B1-51DC7A973A87}.Ad-Hoc|Any CPU.Deploy.0 = Debug|Any CPU
		{271436A9-9A61-4B19-B9B1-51DC7A973A87}.Ad-Hoc|iPhone.ActiveCfg = Debug|Any CPU
		{271436A9-9A61-4B19-B9B1-51DC7A973A87}.Ad-Hoc|iPhone.Build.0 = Debug|Any CPU
		{271436A9-9A61-4B19-B9B1-51DC7A973A87}.Ad-Hoc|iPhone.Deploy.0 = Debug|Any CPU
		{271436A9-9A61-4B19-B9B1-51DC7A973A87}.Ad-Hoc|iPhoneSimulator.ActiveCfg = Debug|Any CPU
		{271436A9-9A61-4B19-B9B1-51DC7A973A87}.Ad-Hoc|iPhoneSimulator.Build.0 = Debug|Any CPU
		{271436A9-9A61-4B19-B9B1-51DC7A973A87}.Ad-Hoc|iPhoneSimulator.Deploy.0 = Debug|Any CPU
		{271436A9-9A61-4B19-B9B1-51DC7A973A87}.AppStore|Any CPU.ActiveCfg = Debug|Any CPU
		{271436A9-9A61-4B19-B9B1-51DC7A973A87}.AppStore|Any CPU.Build.0 = Debug|Any CPU
		{271436A9-9A61-4B19-B9B1-51DC7A973A87}.AppStore|Any CPU.Deploy.0 = Debug|Any CPU
		{271436A9-9A61-4B19-B9B1-51DC7A973A87}.AppStore|iPhone.ActiveCfg = Debug|Any CPU
		{271436A9-9A61-4B19-B9B1-51DC7A973A87}.AppStore|iPhone.Build.0 = Debug|Any CPU
		{271436A9-9A61-4B19-B9B1-51DC7A973A87}.AppStore|iPhone.Deploy.0 = Debug|Any CPU
		{271436A9-9A61-4B19-B9B1-51DC7A973A87}.AppStore|iPhoneSimulator.ActiveCfg = Debug|Any CPU
		{271436A9-9A61-4B19-B9B1-51DC7A973A87}.AppStore|iPhoneSimulator.Build.0 = Debug|Any CPU
		{271436A9-9A61-4B19-B9B1-51DC7A973A87}.AppStore|iPhoneSimulator.Deploy.0 = Debug|Any CPU
		{271436A9-9A61-4B19-B9B1-51DC7A973A87}.Debug|Any CPU.ActiveCfg = Debug|Any CPU
		{271436A9-9A61-4B19-B9B1-51DC7A973A87}.Debug|Any CPU.Build.0 = Debug|Any CPU
		{271436A9-9A61-4B19-B9B1-51DC7A973A87}.Debug|Any CPU.Deploy.0 = Debug|Any CPU
		{271436A9-9A61-4B19-B9B1-51DC7A973A87}.Debug|iPhone.ActiveCfg = Debug|Any CPU
		{271436A9-9A61-4B19-B9B1-51DC7A973A87}.Debug|iPhone.Build.0 = Debug|Any CPU
		{271436A9-9A61-4B19-B9B1-51DC7A973A87}.Debug|iPhone.Deploy.0 = Debug|Any CPU
		{271436A9-9A61-4B19-B9B1-51DC7A973A87}.Debug|iPhoneSimulator.ActiveCfg = Debug|Any CPU
		{271436A9-9A61-4B19-B9B1-51DC7A973A87}.Debug|iPhoneSimulator.Build.0 = Debug|Any CPU
		{271436A9-9A61-4B19-B9B1-51DC7A973A87}.Debug|iPhoneSimulator.Deploy.0 = Debug|Any CPU
		{271436A9-9A61-4B19-B9B1-51DC7A973A87}.Release|Any CPU.ActiveCfg = Release|Any CPU
		{271436A9-9A61-4B19-B9B1-51DC7A973A87}.Release|Any CPU.Build.0 = Release|Any CPU
		{271436A9-9A61-4B19-B9B1-51DC7A973A87}.Release|Any CPU.Deploy.0 = Release|Any CPU
		{271436A9-9A61-4B19-B9B1-51DC7A973A87}.Release|iPhone.ActiveCfg = Release|Any CPU
		{271436A9-9A61-4B19-B9B1-51DC7A973A87}.Release|iPhone.Build.0 = Release|Any CPU
		{271436A9-9A61-4B19-B9B1-51DC7A973A87}.Release|iPhone.Deploy.0 = Release|Any CPU
		{271436A9-9A61-4B19-B9B1-51DC7A973A87}.Release|iPhoneSimulator.ActiveCfg = Release|Any CPU
		{271436A9-9A61-4B19-B9B1-51DC7A973A87}.Release|iPhoneSimulator.Build.0 = Release|Any CPU
		{271436A9-9A61-4B19-B9B1-51DC7A973A87}.Release|iPhoneSimulator.Deploy.0 = Release|Any CPU
	EndGlobalSection
	GlobalSection(SolutionProperties) = preSolution
		HideSolutionNode = FALSE
	EndGlobalSection
	GlobalSection(ExtensibilityGlobals) = postSolution
		SolutionGuid = {BF9871E1-7B44-47FC-999A-6AC2469F46F5}
	EndGlobalSection
EndGlobal
